
Microsoft Visual Studio Solution File, Format Version 12.00
# Visual Studio 15
VisualStudioVersion = 15.0.28307.489
MinimumVisualStudioVersion = 10.0.40219.1
Project("{FAE04EC0-301F-11D3-BF4B-00C04F79EFBC}") = "XWingFactoryAPI", "API\XWingFactoryAPI.csproj", "{F3678382-BD95-466C-9672-5D8B8FF4566B}"
EndProject
Global
	GlobalSection(SolutionConfigurationPlatforms) = preSolution
		Debug|Any CPU = Debug|Any CPU
		Release|Any CPU = Release|Any CPU
	EndGlobalSection
	GlobalSection(ProjectConfigurationPlatforms) = postSolution
		{F3678382-BD95-466C-9672-5D8B8FF4566B}.Debug|Any CPU.ActiveCfg = Debug|Any CPU
		{F3678382-BD95-466C-9672-5D8B8FF4566B}.Debug|Any CPU.Build.0 = Debug|Any CPU
		{F3678382-BD95-466C-9672-5D8B8FF4566B}.Release|Any CPU.ActiveCfg = Release|Any CPU
		{F3678382-BD95-466C-9672-5D8B8FF4566B}.Release|Any CPU.Build.0 = Release|Any CPU
	EndGlobalSection
	GlobalSection(SolutionProperties) = preSolution
		HideSolutionNode = FALSE
	EndGlobalSection
	GlobalSection(ExtensibilityGlobals) = postSolution
		SolutionGuid = {FB10BC00-5637-4AE1-A3F6-E3BEB0919DCB}
	EndGlobalSection
EndGlobal
